// !$*UTF8*$!
{
	archiveVersion = 1;
	classes = {
	};
	objectVersion = 50;
	objects = {

/* Begin PBXBuildFile section */
		D083A0CA25FA779300EF7B92 /* CreationViewController.swift in Sources */ = {isa = PBXBuildFile; fileRef = D083A0C925FA779300EF7B92 /* CreationViewController.swift */; };
		D0A07F5C25E1945E00EDC423 /* AppDelegate.swift in Sources */ = {isa = PBXBuildFile; fileRef = D0A07F5B25E1945E00EDC423 /* AppDelegate.swift */; };
		D0A07F5E25E1945E00EDC423 /* SceneDelegate.swift in Sources */ = {isa = PBXBuildFile; fileRef = D0A07F5D25E1945E00EDC423 /* SceneDelegate.swift */; };
		D0A07F6025E1945E00EDC423 /* ViewController.swift in Sources */ = {isa = PBXBuildFile; fileRef = D0A07F5F25E1945E00EDC423 /* ViewController.swift */; };
		D0A07F6325E1945E00EDC423 /* Main.storyboard in Resources */ = {isa = PBXBuildFile; fileRef = D0A07F6125E1945E00EDC423 /* Main.storyboard */; };
		D0A07F6525E1946300EDC423 /* Assets.xcassets in Resources */ = {isa = PBXBuildFile; fileRef = D0A07F6425E1946300EDC423 /* Assets.xcassets */; };
		D0A07F6825E1946300EDC423 /* LaunchScreen.storyboard in Resources */ = {isa = PBXBuildFile; fileRef = D0A07F6625E1946300EDC423 /* LaunchScreen.storyboard */; };
		D0A07F7325E1946400EDC423 /* FlashcardsTests.swift in Sources */ = {isa = PBXBuildFile; fileRef = D0A07F7225E1946400EDC423 /* FlashcardsTests.swift */; };
		D0A07F7E25E1946400EDC423 /* FlashcardsUITests.swift in Sources */ = {isa = PBXBuildFile; fileRef = D0A07F7D25E1946400EDC423 /* FlashcardsUITests.swift */; };
/* End PBXBuildFile section */

/* Begin PBXContainerItemProxy section */
		D0A07F6F25E1946400EDC423 /* PBXContainerItemProxy */ = {
			isa = PBXContainerItemProxy;
			containerPortal = D0A07F5025E1945E00EDC423 /* Project object */;
			proxyType = 1;
			remoteGlobalIDString = D0A07F5725E1945E00EDC423;
			remoteInfo = Flashcards;
		};
		D0A07F7A25E1946400EDC423 /* PBXContainerItemProxy */ = {
			isa = PBXContainerItemProxy;
			containerPortal = D0A07F5025E1945E00EDC423 /* Project object */;
			proxyType = 1;
			remoteGlobalIDString = D0A07F5725E1945E00EDC423;
			remoteInfo = Flashcards;
		};
/* End PBXContainerItemProxy section */

/* Begin PBXFileReference section */
		D083A0C925FA779300EF7B92 /* CreationViewController.swift */ = {isa = PBXFileReference; lastKnownFileType = sourcecode.swift; name = CreationViewController.swift; path = VC/CreationViewController.swift; sourceTree = SOURCE_ROOT; };
		D0A07F5825E1945E00EDC423 /* Flashcards.app */ = {isa = PBXFileReference; explicitFileType = wrapper.application; includeInIndex = 0; path = Flashcards.app; sourceTree = BUILT_PRODUCTS_DIR; };
		D0A07F5B25E1945E00EDC423 /* AppDelegate.swift */ = {isa = PBXFileReference; lastKnownFileType = sourcecode.swift; path = AppDelegate.swift; sourceTree = "<group>"; };
		D0A07F5D25E1945E00EDC423 /* SceneDelegate.swift */ = {isa = PBXFileReference; lastKnownFileType = sourcecode.swift; path = SceneDelegate.swift; sourceTree = "<group>"; };
		D0A07F5F25E1945E00EDC423 /* ViewController.swift */ = {isa = PBXFileReference; lastKnownFileType = sourcecode.swift; path = ViewController.swift; sourceTree = "<group>"; };
		D0A07F6225E1945E00EDC423 /* Base */ = {isa = PBXFileReference; lastKnownFileType = file.storyboard; name = Base; path = Base.lproj/Main.storyboard; sourceTree = "<group>"; };
		D0A07F6425E1946300EDC423 /* Assets.xcassets */ = {isa = PBXFileReference; lastKnownFileType = folder.assetcatalog; path = Assets.xcassets; sourceTree = "<group>"; };
		D0A07F6725E1946300EDC423 /* Base */ = {isa = PBXFileReference; lastKnownFileType = file.storyboard; name = Base; path = Base.lproj/LaunchScreen.storyboard; sourceTree = "<group>"; };
		D0A07F6925E1946300EDC423 /* Info.plist */ = {isa = PBXFileReference; lastKnownFileType = text.plist.xml; path = Info.plist; sourceTree = "<group>"; };
		D0A07F6E25E1946400EDC423 /* FlashcardsTests.xctest */ = {isa = PBXFileReference; explicitFileType = wrapper.cfbundle; includeInIndex = 0; path = FlashcardsTests.xctest; sourceTree = BUILT_PRODUCTS_DIR; };
		D0A07F7225E1946400EDC423 /* FlashcardsTests.swift */ = {isa = PBXFileReference; lastKnownFileType = sourcecode.swift; path = FlashcardsTests.swift; sourceTree = "<group>"; };
		D0A07F7425E1946400EDC423 /* Info.plist */ = {isa = PBXFileReference; lastKnownFileType = text.plist.xml; path = Info.plist; sourceTree = "<group>"; };
		D0A07F7925E1946400EDC423 /* FlashcardsUITests.xctest */ = {isa = PBXFileReference; explicitFileType = wrapper.cfbundle; includeInIndex = 0; path = FlashcardsUITests.xctest; sourceTree = BUILT_PRODUCTS_DIR; };
		D0A07F7D25E1946400EDC423 /* FlashcardsUITests.swift */ = {isa = PBXFileReference; lastKnownFileType = sourcecode.swift; path = FlashcardsUITests.swift; sourceTree = "<group>"; };
		D0A07F7F25E1946400EDC423 /* Info.plist */ = {isa = PBXFileReference; lastKnownFileType = text.plist.xml; path = Info.plist; sourceTree = "<group>"; };
/* End PBXFileReference section */

/* Begin PBXFrameworksBuildPhase section */
		D0A07F5525E1945E00EDC423 /* Frameworks */ = {
			isa = PBXFrameworksBuildPhase;
			buildActionMask = 2147483647;
			files = (
			);
			runOnlyForDeploymentPostprocessing = 0;
		};
		D0A07F6B25E1946400EDC423 /* Frameworks */ = {
			isa = PBXFrameworksBuildPhase;
			buildActionMask = 2147483647;
			files = (
			);
			runOnlyForDeploymentPostprocessing = 0;
		};
		D0A07F7625E1946400EDC423 /* Frameworks */ = {
			isa = PBXFrameworksBuildPhase;
			buildActionMask = 2147483647;
			files = (
			);
			runOnlyForDeploymentPostprocessing = 0;
		};
/* End PBXFrameworksBuildPhase section */

/* Begin PBXGroup section */
		D083A0BE25FA4E3A00EF7B92 /* Storyboard */ = {
			isa = PBXGroup;
			children = (
				D0A07F6125E1945E00EDC423 /* Main.storyboard */,
				D0A07F6625E1946300EDC423 /* LaunchScreen.storyboard */,
			);
			path = Storyboard;
			sourceTree = "<group>";
		};
		D083A0C225FA744100EF7B92 /* VC */ = {
			isa = PBXGroup;
			children = (
				D0A07F5F25E1945E00EDC423 /* ViewController.swift */,
				D083A0C925FA779300EF7B92 /* CreationViewController.swift */,
			);
			path = VC;
			sourceTree = "<group>";
		};
		D0A07F4F25E1945E00EDC423 = {
			isa = PBXGroup;
			children = (
				D083A0C225FA744100EF7B92 /* VC */,
				D083A0BE25FA4E3A00EF7B92 /* Storyboard */,
				D0A07F5A25E1945E00EDC423 /* Flashcards */,
				D0A07F7125E1946400EDC423 /* FlashcardsTests */,
				D0A07F7C25E1946400EDC423 /* FlashcardsUITests */,
				D0A07F5925E1945E00EDC423 /* Products */,
			);
			sourceTree = "<group>";
		};
		D0A07F5925E1945E00EDC423 /* Products */ = {
			isa = PBXGroup;
			children = (
				D0A07F5825E1945E00EDC423 /* Flashcards.app */,
				D0A07F6E25E1946400EDC423 /* FlashcardsTests.xctest */,
				D0A07F7925E1946400EDC423 /* FlashcardsUITests.xctest */,
			);
			name = Products;
			sourceTree = "<group>";
		};
		D0A07F5A25E1945E00EDC423 /* Flashcards */ = {
			isa = PBXGroup;
			children = (
				D0A07F5B25E1945E00EDC423 /* AppDelegate.swift */,
				D0A07F5D25E1945E00EDC423 /* SceneDelegate.swift */,
				D0A07F6425E1946300EDC423 /* Assets.xcassets */,
				D0A07F6925E1946300EDC423 /* Info.plist */,
			);
			path = Flashcards;
			sourceTree = "<group>";
		};
		D0A07F7125E1946400EDC423 /* FlashcardsTests */ = {
			isa = PBXGroup;
			children = (
				D0A07F7225E1946400EDC423 /* FlashcardsTests.swift */,
				D0A07F7425E1946400EDC423 /* Info.plist */,
			);
			path = FlashcardsTests;
			sourceTree = "<group>";
		};
		D0A07F7C25E1946400EDC423 /* FlashcardsUITests */ = {
			isa = PBXGroup;
			children = (
				D0A07F7D25E1946400EDC423 /* FlashcardsUITests.swift */,
				D0A07F7F25E1946400EDC423 /* Info.plist */,
			);
			path = FlashcardsUITests;
			sourceTree = "<group>";
		};
/* End PBXGroup section */

/* Begin PBXNativeTarget section */
		D0A07F5725E1945E00EDC423 /* Flashcards */ = {
			isa = PBXNativeTarget;
			buildConfigurationList = D0A07F8225E1946400EDC423 /* Build configuration list for PBXNativeTarget "Flashcards" */;
			buildPhases = (
				D0A07F5425E1945E00EDC423 /* Sources */,
				D0A07F5525E1945E00EDC423 /* Frameworks */,
				D0A07F5625E1945E00EDC423 /* Resources */,
			);
			buildRules = (
			);
			dependencies = (
			);
			name = Flashcards;
			productName = Flashcards;
			productReference = D0A07F5825E1945E00EDC423 /* Flashcards.app */;
			productType = "com.apple.product-type.application";
		};
		D0A07F6D25E1946400EDC423 /* FlashcardsTests */ = {
			isa = PBXNativeTarget;
			buildConfigurationList = D0A07F8525E1946400EDC423 /* Build configuration list for PBXNativeTarget "FlashcardsTests" */;
			buildPhases = (
				D0A07F6A25E1946400EDC423 /* Sources */,
				D0A07F6B25E1946400EDC423 /* Frameworks */,
				D0A07F6C25E1946400EDC423 /* Resources */,
			);
			buildRules = (
			);
			dependencies = (
				D0A07F7025E1946400EDC423 /* PBXTargetDependency */,
			);
			name = FlashcardsTests;
			productName = FlashcardsTests;
			productReference = D0A07F6E25E1946400EDC423 /* FlashcardsTests.xctest */;
			productType = "com.apple.product-type.bundle.unit-test";
		};
		D0A07F7825E1946400EDC423 /* FlashcardsUITests */ = {
			isa = PBXNativeTarget;
			buildConfigurationList = D0A07F8825E1946400EDC423 /* Build configuration list for PBXNativeTarget "FlashcardsUITests" */;
			buildPhases = (
				D0A07F7525E1946400EDC423 /* Sources */,
				D0A07F7625E1946400EDC423 /* Frameworks */,
				D0A07F7725E1946400EDC423 /* Resources */,
			);
			buildRules = (
			);
			dependencies = (
				D0A07F7B25E1946400EDC423 /* PBXTargetDependency */,
			);
			name = FlashcardsUITests;
			productName = FlashcardsUITests;
			productReference = D0A07F7925E1946400EDC423 /* FlashcardsUITests.xctest */;
			productType = "com.apple.product-type.bundle.ui-testing";
		};
/* End PBXNativeTarget section */

/* Begin PBXProject section */
		D0A07F5025E1945E00EDC423 /* Project object */ = {
			isa = PBXProject;
			attributes = {
				LastSwiftUpdateCheck = 1220;
				LastUpgradeCheck = 1220;
				TargetAttributes = {
					D0A07F5725E1945E00EDC423 = {
						CreatedOnToolsVersion = 12.2;
					};
					D0A07F6D25E1946400EDC423 = {
						CreatedOnToolsVersion = 12.2;
						TestTargetID = D0A07F5725E1945E00EDC423;
					};
					D0A07F7825E1946400EDC423 = {
						CreatedOnToolsVersion = 12.2;
						TestTargetID = D0A07F5725E1945E00EDC423;
					};
				};
			};
			buildConfigurationList = D0A07F5325E1945E00EDC423 /* Build configuration list for PBXProject "Flashcards" */;
			compatibilityVersion = "Xcode 9.3";
			developmentRegion = en;
			hasScannedForEncodings = 0;
			knownRegions = (
				en,
				Base,
			);
			mainGroup = D0A07F4F25E1945E00EDC423;
			productRefGroup = D0A07F5925E1945E00EDC423 /* Products */;
			projectDirPath = "";
			projectRoot = "";
			targets = (
				D0A07F5725E1945E00EDC423 /* Flashcards */,
				D0A07F6D25E1946400EDC423 /* FlashcardsTests */,
				D0A07F7825E1946400EDC423 /* FlashcardsUITests */,
			);
		};
/* End PBXProject section */

/* Begin PBXResourcesBuildPhase section */
		D0A07F5625E1945E00EDC423 /* Resources */ = {
			isa = PBXResourcesBuildPhase;
			buildActionMask = 2147483647;
			files = (
				D0A07F6825E1946300EDC423 /* LaunchScreen.storyboard in Resources */,
				D0A07F6525E1946300EDC423 /* Assets.xcassets in Resources */,
				D0A07F6325E1945E00EDC423 /* Main.storyboard in Resources */,
			);
			runOnlyForDeploymentPostprocessing = 0;
		};
		D0A07F6C25E1946400EDC423 /* Resources */ = {
			isa = PBXResourcesBuildPhase;
			buildActionMask = 2147483647;
			files = (
			);
			runOnlyForDeploymentPostprocessing = 0;
		};
		D0A07F7725E1946400EDC423 /* Resources */ = {
			isa = PBXResourcesBuildPhase;
			buildActionMask = 2147483647;
			files = (
			);
			runOnlyForDeploymentPostprocessing = 0;
		};
/* End PBXResourcesBuildPhase section */

/* Begin PBXSourcesBuildPhase section */
		D0A07F5425E1945E00EDC423 /* Sources */ = {
			isa = PBXSourcesBuildPhase;
			buildActionMask = 2147483647;
			files = (
				D0A07F6025E1945E00EDC423 /* ViewController.swift in Sources */,
				D0A07F5C25E1945E00EDC423 /* AppDelegate.swift in Sources */,
				D0A07F5E25E1945E00EDC423 /* SceneDelegate.swift in Sources */,
				D083A0CA25FA779300EF7B92 /* CreationViewController.swift in Sources */,
			);
			runOnlyForDeploymentPostprocessing = 0;
		};
		D0A07F6A25E1946400EDC423 /* Sources */ = {
			isa = PBXSourcesBuildPhase;
			buildActionMask = 2147483647;
			files = (
				D0A07F7325E1946400EDC423 /* FlashcardsTests.swift in Sources */,
			);
			runOnlyForDeploymentPostprocessing = 0;
		};
		D0A07F7525E1946400EDC423 /* Sources */ = {
			isa = PBXSourcesBuildPhase;
			buildActionMask = 2147483647;
			files = (
				D0A07F7E25E1946400EDC423 /* FlashcardsUITests.swift in Sources */,
			);
			runOnlyForDeploymentPostprocessing = 0;
		};
/* End PBXSourcesBuildPhase section */

/* Begin PBXTargetDependency section */
		D0A07F7025E1946400EDC423 /* PBXTargetDependency */ = {
			isa = PBXTargetDependency;
			target = D0A07F5725E1945E00EDC423 /* Flashcards */;
			targetProxy = D0A07F6F25E1946400EDC423 /* PBXContainerItemProxy */;
		};
		D0A07F7B25E1946400EDC423 /* PBXTargetDependency */ = {
			isa = PBXTargetDependency;
			target = D0A07F5725E1945E00EDC423 /* Flashcards */;
			targetProxy = D0A07F7A25E1946400EDC423 /* PBXContainerItemProxy */;
		};
/* End PBXTargetDependency section */

/* Begin PBXVariantGroup section */
		D0A07F6125E1945E00EDC423 /* Main.storyboard */ = {
			isa = PBXVariantGroup;
			children = (
				D0A07F6225E1945E00EDC423 /* Base */,
			);
			name = Main.storyboard;
			sourceTree = "<group>";
		};
		D0A07F6625E1946300EDC423 /* LaunchScreen.storyboard */ = {
			isa = PBXVariantGroup;
			children = (
				D0A07F6725E1946300EDC423 /* Base */,
			);
			name = LaunchScreen.storyboard;
			sourceTree = "<group>";
		};
/* End PBXVariantGroup section */

/* Begin XCBuildConfiguration section */
		D0A07F8025E1946400EDC423 /* Debug */ = {
			isa = XCBuildConfiguration;
			buildSettings = {
				ALWAYS_SEARCH_USER_PATHS = NO;
				CLANG_ANALYZER_NONNULL = YES;
				CLANG_ANALYZER_NUMBER_OBJECT_CONVERSION = YES_AGGRESSIVE;
				CLANG_CXX_LANGUAGE_STANDARD = "gnu++14";
				CLANG_CXX_LIBRARY = "libc++";
				CLANG_ENABLE_MODULES = YES;
				CLANG_ENABLE_OBJC_ARC = YES;
				CLANG_ENABLE_OBJC_WEAK = YES;
				CLANG_WARN_BLOCK_CAPTURE_AUTORELEASING = YES;
				CLANG_WARN_BOOL_CONVERSION = YES;
				CLANG_WARN_COMMA = YES;
				CLANG_WARN_CONSTANT_CONVERSION = YES;
				CLANG_WARN_DEPRECATED_OBJC_IMPLEMENTATIONS = YES;
				CLANG_WARN_DIRECT_OBJC_ISA_USAGE = YES_ERROR;
				CLANG_WARN_DOCUMENTATION_COMMENTS = YES;
				CLANG_WARN_EMPTY_BODY = YES;
				CLANG_WARN_ENUM_CONVERSION = YES;
				CLANG_WARN_INFINITE_RECURSION = YES;
				CLANG_WARN_INT_CONVERSION = YES;
				CLANG_WARN_NON_LITERAL_NULL_CONVERSION = YES;
				CLANG_WARN_OBJC_IMPLICIT_RETAIN_SELF = YES;
				CLANG_WARN_OBJC_LITERAL_CONVERSION = YES;
				CLANG_WARN_OBJC_ROOT_CLASS = YES_ERROR;
				CLANG_WARN_QUOTED_INCLUDE_IN_FRAMEWORK_HEADER = YES;
				CLANG_WARN_RANGE_LOOP_ANALYSIS = YES;
				CLANG_WARN_STRICT_PROTOTYPES = YES;
				CLANG_WARN_SUSPICIOUS_MOVE = YES;
				CLANG_WARN_UNGUARDED_AVAILABILITY = YES_AGGRESSIVE;
				CLANG_WARN_UNREACHABLE_CODE = YES;
				CLANG_WARN__DUPLICATE_METHOD_MATCH = YES;
				COPY_PHASE_STRIP = NO;
				DEBUG_INFORMATION_FORMAT = dwarf;
				ENABLE_STRICT_OBJC_MSGSEND = YES;
				ENABLE_TESTABILITY = YES;
				GCC_C_LANGUAGE_STANDARD = gnu11;
				GCC_DYNAMIC_NO_PIC = NO;
				GCC_NO_COMMON_BLOCKS = YES;
				GCC_OPTIMIZATION_LEVEL = 0;
				GCC_PREPROCESSOR_DEFINITIONS = (
					"DEBUG=1",
					"$(inherited)",
				);
				GCC_WARN_64_TO_32_BIT_CONVERSION = YES;
				GCC_WARN_ABOUT_RETURN_TYPE = YES_ERROR;
				GCC_WARN_UNDECLARED_SELECTOR = YES;
				GCC_WARN_UNINITIALIZED_AUTOS = YES_AGGRESSIVE;
				GCC_WARN_UNUSED_FUNCTION = YES;
				GCC_WARN_UNUSED_VARIABLE = YES;
				IPHONEOS_DEPLOYMENT_TARGET = 14.2;
				MTL_ENABLE_DEBUG_INFO = INCLUDE_SOURCE;
				MTL_FAST_MATH = YES;
				ONLY_ACTIVE_ARCH = YES;
				SDKROOT = iphoneos;
				SWIFT_ACTIVE_COMPILATION_CONDITIONS = DEBUG;
				SWIFT_OPTIMIZATION_LEVEL = "-Onone";
			};
			name = Debug;
		};
		D0A07F8125E1946400EDC423 /* Release */ = {
			isa = XCBuildConfiguration;
			buildSettings = {
				ALWAYS_SEARCH_USER_PATHS = NO;
				CLANG_ANALYZER_NONNULL = YES;
				CLANG_ANALYZER_NUMBER_OBJECT_CONVERSION = YES_AGGRESSIVE;
				CLANG_CXX_LANGUAGE_STANDARD = "gnu++14";
				CLANG_CXX_LIBRARY = "libc++";
				CLANG_ENABLE_MODULES = YES;
				CLANG_ENABLE_OBJC_ARC = YES;
				CLANG_ENABLE_OBJC_WEAK = YES;
				CLANG_WARN_BLOCK_CAPTURE_AUTORELEASING = YES;
				CLANG_WARN_BOOL_CONVERSION = YES;
				CLANG_WARN_COMMA = YES;
				CLANG_WARN_CONSTANT_CONVERSION = YES;
				CLANG_WARN_DEPRECATED_OBJC_IMPLEMENTATIONS = YES;
				CLANG_WARN_DIRECT_OBJC_ISA_USAGE = YES_ERROR;
				CLANG_WARN_DOCUMENTATION_COMMENTS = YES;
				CLANG_WARN_EMPTY_BODY = YES;
				CLANG_WARN_ENUM_CONVERSION = YES;
				CLANG_WARN_INFINITE_RECURSION = YES;
				CLANG_WARN_INT_CONVERSION = YES;
				CLANG_WARN_NON_LITERAL_NULL_CONVERSION = YES;
				CLANG_WARN_OBJC_IMPLICIT_RETAIN_SELF = YES;
				CLANG_WARN_OBJC_LITERAL_CONVERSION = YES;
				CLANG_WARN_OBJC_ROOT_CLASS = YES_ERROR;
				CLANG_WARN_QUOTED_INCLUDE_IN_FRAMEWORK_HEADER = YES;
				CLANG_WARN_RANGE_LOOP_ANALYSIS = YES;
				CLANG_WARN_STRICT_PROTOTYPES = YES;
				CLANG_WARN_SUSPICIOUS_MOVE = YES;
				CLANG_WARN_UNGUARDED_AVAILABILITY = YES_AGGRESSIVE;
				CLANG_WARN_UNREACHABLE_CODE = YES;
				CLANG_WARN__DUPLICATE_METHOD_MATCH = YES;
				COPY_PHASE_STRIP = NO;
				DEBUG_INFORMATION_FORMAT = "dwarf-with-dsym";
				ENABLE_NS_ASSERTIONS = NO;
				ENABLE_STRICT_OBJC_MSGSEND = YES;
				GCC_C_LANGUAGE_STANDARD = gnu11;
				GCC_NO_COMMON_BLOCKS = YES;
				GCC_WARN_64_TO_32_BIT_CONVERSION = YES;
				GCC_WARN_ABOUT_RETURN_TYPE = YES_ERROR;
				GCC_WARN_UNDECLARED_SELECTOR = YES;
				GCC_WARN_UNINITIALIZED_AUTOS = YES_AGGRESSIVE;
				GCC_WARN_UNUSED_FUNCTION = YES;
				GCC_WARN_UNUSED_VARIABLE = YES;
				IPHONEOS_DEPLOYMENT_TARGET = 14.2;
				MTL_ENABLE_DEBUG_INFO = NO;
				MTL_FAST_MATH = YES;
				SDKROOT = iphoneos;
				SWIFT_COMPILATION_MODE = wholemodule;
				SWIFT_OPTIMIZATION_LEVEL = "-O";
				VALIDATE_PRODUCT = YES;
			};
			name = Release;
		};
		D0A07F8325E1946400EDC423 /* Debug */ = {
			isa = XCBuildConfiguration;
			buildSettings = {
				ASSETCATALOG_COMPILER_APPICON_NAME = AppIcon;
				ASSETCATALOG_COMPILER_GLOBAL_ACCENT_COLOR_NAME = AccentColor;
				CODE_SIGN_STYLE = Automatic;
				INFOPLIST_FILE = Flashcards/Info.plist;
				LD_RUNPATH_SEARCH_PATHS = (
					"$(inherited)",
					"@executable_path/Frameworks",
				);
				PRODUCT_BUNDLE_IDENTIFIER = hieungan.Flashcards;
				PRODUCT_NAME = "$(TARGET_NAME)";
				SWIFT_VERSION = 5.0;
				TARGETED_DEVICE_FAMILY = "1,2";
			};
			name = Debug;
		};
		D0A07F8425E1946400EDC423 /* Release */ = {
			isa = XCBuildConfiguration;
			buildSettings = {
				ASSETCATALOG_COMPILER_APPICON_NAME = AppIcon;
				ASSETCATALOG_COMPILER_GLOBAL_ACCENT_COLOR_NAME = AccentColor;
				CODE_SIGN_STYLE = Automatic;
				INFOPLIST_FILE = Flashcards/Info.plist;
				LD_RUNPATH_SEARCH_PATHS = (
					"$(inherited)",
					"@executable_path/Frameworks",
				);
				PRODUCT_BUNDLE_IDENTIFIER = hieungan.Flashcards;
				PRODUCT_NAME = "$(TARGET_NAME)";
				SWIFT_VERSION = 5.0;
				TARGETED_DEVICE_FAMILY = "1,2";
			};
			name = Release;
		};
		D0A07F8625E1946400EDC423 /* Debug */ = {
			isa = XCBuildConfiguration;
			buildSettings = {
				ALWAYS_EMBED_SWIFT_STANDARD_LIBRARIES = YES;
				BUNDLE_LOADER = "$(TEST_HOST)";
				CODE_SIGN_STYLE = Automatic;
				INFOPLIST_FILE = FlashcardsTests/Info.plist;
				IPHONEOS_DEPLOYMENT_TARGET = 14.2;
				LD_RUNPATH_SEARCH_PATHS = (
					"$(inherited)",
					"@executable_path/Frameworks",
					"@loader_path/Frameworks",
				);
				PRODUCT_BUNDLE_IDENTIFIER = hieungan.FlashcardsTests;
				PRODUCT_NAME = "$(TARGET_NAME)";
				SWIFT_VERSION = 5.0;
				TARGETED_DEVICE_FAMILY = "1,2";
				TEST_HOST = "$(BUILT_PRODUCTS_DIR)/Flashcards.app/Flashcards";
			};
			name = Debug;
		};
		D0A07F8725E1946400EDC423 /* Release */ = {
			isa = XCBuildConfiguration;
			buildSettings = {
				ALWAYS_EMBED_SWIFT_STANDARD_LIBRARIES = YES;
				BUNDLE_LOADER = "$(TEST_HOST)";
				CODE_SIGN_STYLE = Automatic;
				INFOPLIST_FILE = FlashcardsTests/Info.plist;
				IPHONEOS_DEPLOYMENT_TARGET = 14.2;
				LD_RUNPATH_SEARCH_PATHS = (
					"$(inherited)",
					"@executable_path/Frameworks",
					"@loader_path/Frameworks",
				);
				PRODUCT_BUNDLE_IDENTIFIER = hieungan.FlashcardsTests;
				PRODUCT_NAME = "$(TARGET_NAME)";
				SWIFT_VERSION = 5.0;
				TARGETED_DEVICE_FAMILY = "1,2";
				TEST_HOST = "$(BUILT_PRODUCTS_DIR)/Flashcards.app/Flashcards";
			};
			name = Release;
		};
		D0A07F8925E1946400EDC423 /* Debug */ = {
			isa = XCBuildConfiguration;
			buildSettings = {
				ALWAYS_EMBED_SWIFT_STANDARD_LIBRARIES = YES;
				CODE_SIGN_STYLE = Automatic;
				INFOPLIST_FILE = FlashcardsUITests/Info.plist;
				LD_RUNPATH_SEARCH_PATHS = (
					"$(inherited)",
					"@executable_path/Frameworks",
					"@loader_path/Frameworks",
				);
				PRODUCT_BUNDLE_IDENTIFIER = hieungan.FlashcardsUITests;
				PRODUCT_NAME = "$(TARGET_NAME)";
				SWIFT_VERSION = 5.0;
				TARGETED_DEVICE_FAMILY = "1,2";
				TEST_TARGET_NAME = Flashcards;
			};
			name = Debug;
		};
		D0A07F8A25E1946400EDC423 /* Release */ = {
			isa = XCBuildConfiguration;
			buildSettings = {
				ALWAYS_EMBED_SWIFT_STANDARD_LIBRARIES = YES;
				CODE_SIGN_STYLE = Automatic;
				INFOPLIST_FILE = FlashcardsUITests/Info.plist;
				LD_RUNPATH_SEARCH_PATHS = (
					"$(inherited)",
					"@executable_path/Frameworks",
					"@loader_path/Frameworks",
				);
				PRODUCT_BUNDLE_IDENTIFIER = hieungan.FlashcardsUITests;
				PRODUCT_NAME = "$(TARGET_NAME)";
				SWIFT_VERSION = 5.0;
				TARGETED_DEVICE_FAMILY = "1,2";
				TEST_TARGET_NAME = Flashcards;
			};
			name = Release;
		};
/* End XCBuildConfiguration section */

/* Begin XCConfigurationList section */
		D0A07F5325E1945E00EDC423 /* Build configuration list for PBXProject "Flashcards" */ = {
			isa = XCConfigurationList;
			buildConfigurations = (
				D0A07F8025E1946400EDC423 /* Debug */,
				D0A07F8125E1946400EDC423 /* Release */,
			);
			defaultConfigurationIsVisible = 0;
			defaultConfigurationName = Release;
		};
		D0A07F8225E1946400EDC423 /* Build configuration list for PBXNativeTarget "Flashcards" */ = {
			isa = XCConfigurationList;
			buildConfigurations = (
				D0A07F8325E1946400EDC423 /* Debug */,
				D0A07F8425E1946400EDC423 /* Release */,
			);
			defaultConfigurationIsVisible = 0;
			defaultConfigurationName = Release;
		};
		D0A07F8525E1946400EDC423 /* Build configuration list for PBXNativeTarget "FlashcardsTests" */ = {
			isa = XCConfigurationList;
			buildConfigurations = (
				D0A07F8625E1946400EDC423 /* Debug */,
				D0A07F8725E1946400EDC423 /* Release */,
			);
			defaultConfigurationIsVisible = 0;
			defaultConfigurationName = Release;
		};
		D0A07F8825E1946400EDC423 /* Build configuration list for PBXNativeTarget "FlashcardsUITests" */ = {
			isa = XCConfigurationList;
			buildConfigurations = (
				D0A07F8925E1946400EDC423 /* Debug */,
				D0A07F8A25E1946400EDC423 /* Release */,
			);
			defaultConfigurationIsVisible = 0;
			defaultConfigurationName = Release;
		};
/* End XCConfigurationList section */
	};
	rootObject = D0A07F5025E1945E00EDC423 /* Project object */;
}
